{
  "object": {
    "pins": [
      {
        "package": "JAYSON",
        "repositoryURL": "https://github.com/muukii/JAYSON",
        "state": {
          "branch": null,
          "revision": "14c6f0f0ac80b487d0f05845f2bc933a4297f6f6",
          "version": "2.4.0"
        }
      }
    ]
  },
  "version": 1
}
